
Microsoft Visual Studio Solution File, Format Version 12.00
# Visual Studio Version 16
VisualStudioVersion = 16.0.31205.134
MinimumVisualStudioVersion = 10.0.40219.1
Project("{9A19103F-16F7-4668-BE54-9A1E7A4F7556}") = "StorageCheck", "StorageCheck\StorageCheck.csproj", "{F09DFA0D-1711-426C-8E51-A0083ACEB3DE}"
EndProject
Global
	GlobalSection(SolutionConfigurationPlatforms) = preSolution
		Debug|Any CPU = Debug|Any CPU
		Release|Any CPU = Release|Any CPU
	EndGlobalSection
	GlobalSection(ProjectConfigurationPlatforms) = postSolution
		{F09DFA0D-1711-426C-8E51-A0083ACEB3DE}.Debug|Any CPU.ActiveCfg = Debug|Any CPU
		{F09DFA0D-1711-426C-8E51-A0083ACEB3DE}.Debug|Any CPU.Build.0 = Debug|Any CPU
		{F09DFA0D-1711-426C-8E51-A0083ACEB3DE}.Release|Any CPU.ActiveCfg = Release|Any CPU
		{F09DFA0D-1711-426C-8E51-A0083ACEB3DE}.Release|Any CPU.Build.0 = Release|Any CPU
	EndGlobalSection
	GlobalSection(SolutionProperties) = preSolution
		HideSolutionNode = FALSE
	EndGlobalSection
	GlobalSection(ExtensibilityGlobals) = postSolution
		SolutionGuid = {1A397FAC-158B-46D3-A1CC-2CAB4FB5A020}
	EndGlobalSection
EndGlobal
